// !$*UTF8*$!
{
	archiveVersion = 1;
	classes = {
	};
	objectVersion = 56;
	objects = {

/* Begin PBXBuildFile section */
		CD10C9BA2C41C42C00A4578D /* CircleButtonView.swift in Sources */ = {isa = PBXBuildFile; fileRef = CD10C9B92C41C42C00A4578D /* CircleButtonView.swift */; };
		CD10C9BC2C41D04000A4578D /* CircleButtonAnimationView.swift in Sources */ = {isa = PBXBuildFile; fileRef = CD10C9BB2C41D04000A4578D /* CircleButtonAnimationView.swift */; };
		CD10C9C12C43209400A4578D /* CoinModel.swift in Sources */ = {isa = PBXBuildFile; fileRef = CD10C9C02C43209400A4578D /* CoinModel.swift */; };
		CDA8938F2C4023B3001FB3AD /* cryptocurrency_trackerApp.swift in Sources */ = {isa = PBXBuildFile; fileRef = CDA8938E2C4023B3001FB3AD /* cryptocurrency_trackerApp.swift */; };
		CDA893912C4023B3001FB3AD /* HomeView.swift in Sources */ = {isa = PBXBuildFile; fileRef = CDA893902C4023B3001FB3AD /* HomeView.swift */; };
		CDA893932C4023B8001FB3AD /* Assets.xcassets in Resources */ = {isa = PBXBuildFile; fileRef = CDA893922C4023B8001FB3AD /* Assets.xcassets */; };
		CDA893962C4023B8001FB3AD /* Preview Assets.xcassets in Resources */ = {isa = PBXBuildFile; fileRef = CDA893952C4023B8001FB3AD /* Preview Assets.xcassets */; };
		CDA8939E2C41894D001FB3AD /* Color.swift in Sources */ = {isa = PBXBuildFile; fileRef = CDA8939D2C41894D001FB3AD /* Color.swift */; };
/* End PBXBuildFile section */

/* Begin PBXFileReference section */
		CD10C9B92C41C42C00A4578D /* CircleButtonView.swift */ = {isa = PBXFileReference; lastKnownFileType = sourcecode.swift; path = CircleButtonView.swift; sourceTree = "<group>"; };
		CD10C9BB2C41D04000A4578D /* CircleButtonAnimationView.swift */ = {isa = PBXFileReference; lastKnownFileType = sourcecode.swift; path = CircleButtonAnimationView.swift; sourceTree = "<group>"; };
		CD10C9C02C43209400A4578D /* CoinModel.swift */ = {isa = PBXFileReference; lastKnownFileType = sourcecode.swift; path = CoinModel.swift; sourceTree = "<group>"; };
		CDA8938B2C4023B3001FB3AD /* cryptocurrency_tracker.app */ = {isa = PBXFileReference; explicitFileType = wrapper.application; includeInIndex = 0; path = cryptocurrency_tracker.app; sourceTree = BUILT_PRODUCTS_DIR; };
		CDA8938E2C4023B3001FB3AD /* cryptocurrency_trackerApp.swift */ = {isa = PBXFileReference; lastKnownFileType = sourcecode.swift; path = cryptocurrency_trackerApp.swift; sourceTree = "<group>"; };
		CDA893902C4023B3001FB3AD /* HomeView.swift */ = {isa = PBXFileReference; lastKnownFileType = sourcecode.swift; path = HomeView.swift; sourceTree = "<group>"; };
		CDA893922C4023B8001FB3AD /* Assets.xcassets */ = {isa = PBXFileReference; lastKnownFileType = folder.assetcatalog; path = Assets.xcassets; sourceTree = "<group>"; };
		CDA893952C4023B8001FB3AD /* Preview Assets.xcassets */ = {isa = PBXFileReference; lastKnownFileType = folder.assetcatalog; path = "Preview Assets.xcassets"; sourceTree = "<group>"; };
		CDA8939D2C41894D001FB3AD /* Color.swift */ = {isa = PBXFileReference; lastKnownFileType = sourcecode.swift; path = Color.swift; sourceTree = "<group>"; };
/* End PBXFileReference section */

/* Begin PBXFrameworksBuildPhase section */
		CDA893882C4023B3001FB3AD /* Frameworks */ = {
			isa = PBXFrameworksBuildPhase;
			buildActionMask = 2147483647;
			files = (
			);
			runOnlyForDeploymentPostprocessing = 0;
		};
/* End PBXFrameworksBuildPhase section */

/* Begin PBXGroup section */
		CD10C9B32C41C24100A4578D /* Core */ = {
			isa = PBXGroup;
			children = (
				CD10C9B72C41C3E600A4578D /* Components */,
				CD10C9B42C41C25500A4578D /* Home */,
			);
			path = Core;
			sourceTree = "<group>";
		};
		CD10C9B42C41C25500A4578D /* Home */ = {
			isa = PBXGroup;
			children = (
				CD10C9B62C41C27A00A4578D /* ViewModels */,
				CD10C9B52C41C26800A4578D /* Views */,
			);
			path = Home;
			sourceTree = "<group>";
		};
		CD10C9B52C41C26800A4578D /* Views */ = {
			isa = PBXGroup;
			children = (
				CDA893902C4023B3001FB3AD /* HomeView.swift */,
			);
			path = Views;
			sourceTree = "<group>";
		};
		CD10C9B62C41C27A00A4578D /* ViewModels */ = {
			isa = PBXGroup;
			children = (
			);
			path = ViewModels;
			sourceTree = "<group>";
		};
		CD10C9B72C41C3E600A4578D /* Components */ = {
			isa = PBXGroup;
			children = (
				CD10C9B82C41C3F900A4578D /* CircleButton */,
			);
			path = Components;
			sourceTree = "<group>";
		};
		CD10C9B82C41C3F900A4578D /* CircleButton */ = {
			isa = PBXGroup;
			children = (
				CD10C9B92C41C42C00A4578D /* CircleButtonView.swift */,
				CD10C9BB2C41D04000A4578D /* CircleButtonAnimationView.swift */,
			);
			path = CircleButton;
			sourceTree = "<group>";
		};
		CD10C9BD2C431FFC00A4578D /* Models */ = {
			isa = PBXGroup;
			children = (
				CD10C9C02C43209400A4578D /* CoinModel.swift */,
			);
			path = Models;
			sourceTree = "<group>";
		};
		CDA893822C4023B3001FB3AD = {
			isa = PBXGroup;
			children = (
				CDA8938D2C4023B3001FB3AD /* cryptocurrency_tracker */,
				CDA8938C2C4023B3001FB3AD /* Products */,
			);
			sourceTree = "<group>";
		};
		CDA8938C2C4023B3001FB3AD /* Products */ = {
			isa = PBXGroup;
			children = (
				CDA8938B2C4023B3001FB3AD /* cryptocurrency_tracker.app */,
			);
			name = Products;
			sourceTree = "<group>";
		};
		CDA8938D2C4023B3001FB3AD /* cryptocurrency_tracker */ = {
			isa = PBXGroup;
			children = (
				CDA8938E2C4023B3001FB3AD /* cryptocurrency_trackerApp.swift */,
				CD10C9BD2C431FFC00A4578D /* Models */,
				CDA8939C2C41891E001FB3AD /* Extensions */,
				CD10C9B32C41C24100A4578D /* Core */,
				CDA893922C4023B8001FB3AD /* Assets.xcassets */,
				CDA893942C4023B8001FB3AD /* Preview Content */,
			);
			path = cryptocurrency_tracker;
			sourceTree = "<group>";
		};
		CDA893942C4023B8001FB3AD /* Preview Content */ = {
			isa = PBXGroup;
			children = (
				CDA893952C4023B8001FB3AD /* Preview Assets.xcassets */,
			);
			path = "Preview Content";
			sourceTree = "<group>";
		};
		CDA8939C2C41891E001FB3AD /* Extensions */ = {
			isa = PBXGroup;
			children = (
				CDA8939D2C41894D001FB3AD /* Color.swift */,
			);
			path = Extensions;
			sourceTree = "<group>";
		};
/* End PBXGroup section */

/* Begin PBXNativeTarget section */
		CDA8938A2C4023B3001FB3AD /* cryptocurrency_tracker */ = {
			isa = PBXNativeTarget;
			buildConfigurationList = CDA893992C4023B8001FB3AD /* Build configuration list for PBXNativeTarget "cryptocurrency_tracker" */;
			buildPhases = (
				CDA893872C4023B3001FB3AD /* Sources */,
				CDA893882C4023B3001FB3AD /* Frameworks */,
				CDA893892C4023B3001FB3AD /* Resources */,
			);
			buildRules = (
			);
			dependencies = (
			);
			name = cryptocurrency_tracker;
			productName = cryptocurrency_tracker;
			productReference = CDA8938B2C4023B3001FB3AD /* cryptocurrency_tracker.app */;
			productType = "com.apple.product-type.application";
		};
/* End PBXNativeTarget section */

/* Begin PBXProject section */
		CDA893832C4023B3001FB3AD /* Project object */ = {
			isa = PBXProject;
			attributes = {
				BuildIndependentTargetsInParallel = 1;
				LastSwiftUpdateCheck = 1540;
				LastUpgradeCheck = 1540;
				TargetAttributes = {
					CDA8938A2C4023B3001FB3AD = {
						CreatedOnToolsVersion = 15.4;
					};
				};
			};
			buildConfigurationList = CDA893862C4023B3001FB3AD /* Build configuration list for PBXProject "cryptocurrency_tracker" */;
			compatibilityVersion = "Xcode 14.0";
			developmentRegion = en;
			hasScannedForEncodings = 0;
			knownRegions = (
				en,
				Base,
			);
			mainGroup = CDA893822C4023B3001FB3AD;
			productRefGroup = CDA8938C2C4023B3001FB3AD /* Products */;
			projectDirPath = "";
			projectRoot = "";
			targets = (
				CDA8938A2C4023B3001FB3AD /* cryptocurrency_tracker */,
			);
		};
/* End PBXProject section */

/* Begin PBXResourcesBuildPhase section */
		CDA893892C4023B3001FB3AD /* Resources */ = {
			isa = PBXResourcesBuildPhase;
			buildActionMask = 2147483647;
			files = (
				CDA893962C4023B8001FB3AD /* Preview Assets.xcassets in Resources */,
				CDA893932C4023B8001FB3AD /* Assets.xcassets in Resources */,
			);
			runOnlyForDeploymentPostprocessing = 0;
		};
/* End PBXResourcesBuildPhase section */

/* Begin PBXSourcesBuildPhase section */
		CDA893872C4023B3001FB3AD /* Sources */ = {
			isa = PBXSourcesBuildPhase;
			buildActionMask = 2147483647;
			files = (
				CDA893912C4023B3001FB3AD /* HomeView.swift in Sources */,
				CDA8938F2C4023B3001FB3AD /* cryptocurrency_trackerApp.swift in Sources */,
				CD10C9BC2C41D04000A4578D /* CircleButtonAnimationView.swift in Sources */,
				CD10C9BA2C41C42C00A4578D /* CircleButtonView.swift in Sources */,
				CD10C9C12C43209400A4578D /* CoinModel.swift in Sources */,
				CDA8939E2C41894D001FB3AD /* Color.swift in Sources */,
			);
			runOnlyForDeploymentPostprocessing = 0;
		};
/* End PBXSourcesBuildPhase section */

/* Begin XCBuildConfiguration section */
		CDA893972C4023B8001FB3AD /* Debug */ = {
			isa = XCBuildConfiguration;
			buildSettings = {
				ALWAYS_SEARCH_USER_PATHS = NO;
				ASSETCATALOG_COMPILER_GENERATE_SWIFT_ASSET_SYMBOL_EXTENSIONS = YES;
				CLANG_ANALYZER_NONNULL = YES;
				CLANG_ANALYZER_NUMBER_OBJECT_CONVERSION = YES_AGGRESSIVE;
				CLANG_CXX_LANGUAGE_STANDARD = "gnu++20";
				CLANG_ENABLE_MODULES = YES;
				CLANG_ENABLE_OBJC_ARC = YES;
				CLANG_ENABLE_OBJC_WEAK = YES;
				CLANG_WARN_BLOCK_CAPTURE_AUTORELEASING = YES;
				CLANG_WARN_BOOL_CONVERSION = YES;
				CLANG_WARN_COMMA = YES;
				CLANG_WARN_CONSTANT_CONVERSION = YES;
				CLANG_WARN_DEPRECATED_OBJC_IMPLEMENTATIONS = YES;
				CLANG_WARN_DIRECT_OBJC_ISA_USAGE = YES_ERROR;
				CLANG_WARN_DOCUMENTATION_COMMENTS = YES;
				CLANG_WARN_EMPTY_BODY = YES;
				CLANG_WARN_ENUM_CONVERSION = YES;
				CLANG_WARN_INFINITE_RECURSION = YES;
				CLANG_WARN_INT_CONVERSION = YES;
				CLANG_WARN_NON_LITERAL_NULL_CONVERSION = YES;
				CLANG_WARN_OBJC_IMPLICIT_RETAIN_SELF = YES;
				CLANG_WARN_OBJC_LITERAL_CONVERSION = YES;
				CLANG_WARN_OBJC_ROOT_CLASS = YES_ERROR;
				CLANG_WARN_QUOTED_INCLUDE_IN_FRAMEWORK_HEADER = YES;
				CLANG_WARN_RANGE_LOOP_ANALYSIS = YES;
				CLANG_WARN_STRICT_PROTOTYPES = YES;
				CLANG_WARN_SUSPICIOUS_MOVE = YES;
				CLANG_WARN_UNGUARDED_AVAILABILITY = YES_AGGRESSIVE;
				CLANG_WARN_UNREACHABLE_CODE = YES;
				CLANG_WARN__DUPLICATE_METHOD_MATCH = YES;
				COPY_PHASE_STRIP = NO;
				DEBUG_INFORMATION_FORMAT = dwarf;
				ENABLE_STRICT_OBJC_MSGSEND = YES;
				ENABLE_TESTABILITY = YES;
				ENABLE_USER_SCRIPT_SANDBOXING = YES;
				GCC_C_LANGUAGE_STANDARD = gnu17;
				GCC_DYNAMIC_NO_PIC = NO;
				GCC_NO_COMMON_BLOCKS = YES;
				GCC_OPTIMIZATION_LEVEL = 0;
				GCC_PREPROCESSOR_DEFINITIONS = (
					"DEBUG=1",
					"$(inherited)",
				);
				GCC_WARN_64_TO_32_BIT_CONVERSION = YES;
				GCC_WARN_ABOUT_RETURN_TYPE = YES_ERROR;
				GCC_WARN_UNDECLARED_SELECTOR = YES;
				GCC_WARN_UNINITIALIZED_AUTOS = YES_AGGRESSIVE;
				GCC_WARN_UNUSED_FUNCTION = YES;
				GCC_WARN_UNUSED_VARIABLE = YES;
				IPHONEOS_DEPLOYMENT_TARGET = 17.5;
				LOCALIZATION_PREFERS_STRING_CATALOGS = YES;
				MTL_ENABLE_DEBUG_INFO = INCLUDE_SOURCE;
				MTL_FAST_MATH = YES;
				ONLY_ACTIVE_ARCH = YES;
				SDKROOT = iphoneos;
				SWIFT_ACTIVE_COMPILATION_CONDITIONS = "DEBUG $(inherited)";
				SWIFT_OPTIMIZATION_LEVEL = "-Onone";
			};
			name = Debug;
		};
		CDA893982C4023B8001FB3AD /* Release */ = {
			isa = XCBuildConfiguration;
			buildSettings = {
				ALWAYS_SEARCH_USER_PATHS = NO;
				ASSETCATALOG_COMPILER_GENERATE_SWIFT_ASSET_SYMBOL_EXTENSIONS = YES;
				CLANG_ANALYZER_NONNULL = YES;
				CLANG_ANALYZER_NUMBER_OBJECT_CONVERSION = YES_AGGRESSIVE;
				CLANG_CXX_LANGUAGE_STANDARD = "gnu++20";
				CLANG_ENABLE_MODULES = YES;
				CLANG_ENABLE_OBJC_ARC = YES;
				CLANG_ENABLE_OBJC_WEAK = YES;
				CLANG_WARN_BLOCK_CAPTURE_AUTORELEASING = YES;
				CLANG_WARN_BOOL_CONVERSION = YES;
				CLANG_WARN_COMMA = YES;
				CLANG_WARN_CONSTANT_CONVERSION = YES;
				CLANG_WARN_DEPRECATED_OBJC_IMPLEMENTATIONS = YES;
				CLANG_WARN_DIRECT_OBJC_ISA_USAGE = YES_ERROR;
				CLANG_WARN_DOCUMENTATION_COMMENTS = YES;
				CLANG_WARN_EMPTY_BODY = YES;
				CLANG_WARN_ENUM_CONVERSION = YES;
				CLANG_WARN_INFINITE_RECURSION = YES;
				CLANG_WARN_INT_CONVERSION = YES;
				CLANG_WARN_NON_LITERAL_NULL_CONVERSION = YES;
				CLANG_WARN_OBJC_IMPLICIT_RETAIN_SELF = YES;
				CLANG_WARN_OBJC_LITERAL_CONVERSION = YES;
				CLANG_WARN_OBJC_ROOT_CLASS = YES_ERROR;
				CLANG_WARN_QUOTED_INCLUDE_IN_FRAMEWORK_HEADER = YES;
				CLANG_WARN_RANGE_LOOP_ANALYSIS = YES;
				CLANG_WARN_STRICT_PROTOTYPES = YES;
				CLANG_WARN_SUSPICIOUS_MOVE = YES;
				CLANG_WARN_UNGUARDED_AVAILABILITY = YES_AGGRESSIVE;
				CLANG_WARN_UNREACHABLE_CODE = YES;
				CLANG_WARN__DUPLICATE_METHOD_MATCH = YES;
				COPY_PHASE_STRIP = NO;
				DEBUG_INFORMATION_FORMAT = "dwarf-with-dsym";
				ENABLE_NS_ASSERTIONS = NO;
				ENABLE_STRICT_OBJC_MSGSEND = YES;
				ENABLE_USER_SCRIPT_SANDBOXING = YES;
				GCC_C_LANGUAGE_STANDARD = gnu17;
				GCC_NO_COMMON_BLOCKS = YES;
				GCC_WARN_64_TO_32_BIT_CONVERSION = YES;
				GCC_WARN_ABOUT_RETURN_TYPE = YES_ERROR;
				GCC_WARN_UNDECLARED_SELECTOR = YES;
				GCC_WARN_UNINITIALIZED_AUTOS = YES_AGGRESSIVE;
				GCC_WARN_UNUSED_FUNCTION = YES;
				GCC_WARN_UNUSED_VARIABLE = YES;
				IPHONEOS_DEPLOYMENT_TARGET = 17.5;
				LOCALIZATION_PREFERS_STRING_CATALOGS = YES;
				MTL_ENABLE_DEBUG_INFO = NO;
				MTL_FAST_MATH = YES;
				SDKROOT = iphoneos;
				SWIFT_COMPILATION_MODE = wholemodule;
				VALIDATE_PRODUCT = YES;
			};
			name = Release;
		};
		CDA8939A2C4023B8001FB3AD /* Debug */ = {
			isa = XCBuildConfiguration;
			buildSettings = {
				ASSETCATALOG_COMPILER_APPICON_NAME = AppIcon;
				ASSETCATALOG_COMPILER_GLOBAL_ACCENT_COLOR_NAME = AccentColor;
				CODE_SIGN_STYLE = Automatic;
				CURRENT_PROJECT_VERSION = 1;
				DEVELOPMENT_ASSET_PATHS = "\"cryptocurrency_tracker/Preview Content\"";
				ENABLE_PREVIEWS = YES;
				GENERATE_INFOPLIST_FILE = YES;
				INFOPLIST_KEY_CFBundleDisplayName = "Crypto Tracker";
				INFOPLIST_KEY_UIApplicationSceneManifest_Generation = YES;
				INFOPLIST_KEY_UIApplicationSupportsIndirectInputEvents = YES;
				INFOPLIST_KEY_UILaunchScreen_Generation = YES;
				INFOPLIST_KEY_UISupportedInterfaceOrientations = UIInterfaceOrientationPortrait;
				LD_RUNPATH_SEARCH_PATHS = (
					"$(inherited)",
					"@executable_path/Frameworks",
				);
				MARKETING_VERSION = 1.0;
				PRODUCT_BUNDLE_IDENTIFIER = "com.iosDevMo.cryptocurrency-tracker";
				PRODUCT_NAME = "$(TARGET_NAME)";
				SWIFT_EMIT_LOC_STRINGS = YES;
				SWIFT_VERSION = 5.0;
				TARGETED_DEVICE_FAMILY = "1,2";
			};
			name = Debug;
		};
		CDA8939B2C4023B8001FB3AD /* Release */ = {
			isa = XCBuildConfiguration;
			buildSettings = {
				ASSETCATALOG_COMPILER_APPICON_NAME = AppIcon;
				ASSETCATALOG_COMPILER_GLOBAL_ACCENT_COLOR_NAME = AccentColor;
				CODE_SIGN_STYLE = Automatic;
				CURRENT_PROJECT_VERSION = 1;
				DEVELOPMENT_ASSET_PATHS = "\"cryptocurrency_tracker/Preview Content\"";
				ENABLE_PREVIEWS = YES;
				GENERATE_INFOPLIST_FILE = YES;
				INFOPLIST_KEY_CFBundleDisplayName = "Crypto Tracker";
				INFOPLIST_KEY_UIApplicationSceneManifest_Generation = YES;
				INFOPLIST_KEY_UIApplicationSupportsIndirectInputEvents = YES;
				INFOPLIST_KEY_UILaunchScreen_Generation = YES;
				INFOPLIST_KEY_UISupportedInterfaceOrientations = UIInterfaceOrientationPortrait;
				LD_RUNPATH_SEARCH_PATHS = (
					"$(inherited)",
					"@executable_path/Frameworks",
				);
				MARKETING_VERSION = 1.0;
				PRODUCT_BUNDLE_IDENTIFIER = "com.iosDevMo.cryptocurrency-tracker";
				PRODUCT_NAME = "$(TARGET_NAME)";
				SWIFT_EMIT_LOC_STRINGS = YES;
				SWIFT_VERSION = 5.0;
				TARGETED_DEVICE_FAMILY = "1,2";
			};
			name = Release;
		};
/* End XCBuildConfiguration section */

/* Begin XCConfigurationList section */
		CDA893862C4023B3001FB3AD /* Build configuration list for PBXProject "cryptocurrency_tracker" */ = {
			isa = XCConfigurationList;
			buildConfigurations = (
				CDA893972C4023B8001FB3AD /* Debug */,
				CDA893982C4023B8001FB3AD /* Release */,
			);
			defaultConfigurationIsVisible = 0;
			defaultConfigurationName = Release;
		};
		CDA893992C4023B8001FB3AD /* Build configuration list for PBXNativeTarget "cryptocurrency_tracker" */ = {
			isa = XCConfigurationList;
			buildConfigurations = (
				CDA8939A2C4023B8001FB3AD /* Debug */,
				CDA8939B2C4023B8001FB3AD /* Release */,
			);
			defaultConfigurationIsVisible = 0;
			defaultConfigurationName = Release;
		};
/* End XCConfigurationList section */
	};
	rootObject = CDA893832C4023B3001FB3AD /* Project object */;
}
